
Microsoft Visual Studio Solution File, Format Version 12.00
# Visual Studio Version 17
VisualStudioVersion = 17.13.36105.23 d17.13
MinimumVisualStudioVersion = 10.0.40219.1
Project("{888888A0-9F3D-457C-B088-3A5042F75D52}") = "DL", "DL.pyproj", "{36E5683F-AA25-472A-8BF7-BA9F69395F45}"
EndProject
Global
	GlobalSection(SolutionConfigurationPlatforms) = preSolution
		Debug|Any CPU = Debug|Any CPU
		Release|Any CPU = Release|Any CPU
	EndGlobalSection
	GlobalSection(ProjectConfigurationPlatforms) = postSolution
		{36E5683F-AA25-472A-8BF7-BA9F69395F45}.Debug|Any CPU.ActiveCfg = Debug|Any CPU
		{36E5683F-AA25-472A-8BF7-BA9F69395F45}.Release|Any CPU.ActiveCfg = Release|Any CPU
	EndGlobalSection
	GlobalSection(SolutionProperties) = preSolution
		HideSolutionNode = FALSE
	EndGlobalSection
	GlobalSection(ExtensibilityGlobals) = postSolution
		SolutionGuid = {89555FFD-DA4E-4791-A807-9EB2A2D7DCE1}
	EndGlobalSection
EndGlobal
